
Microsoft Visual Studio Solution File, Format Version 12.00
# Visual Studio Version 17
VisualStudioVersion = 17.3.32825.248
MinimumVisualStudioVersion = 10.0.40219.1
Project("{FAE04EC0-301F-11D3-BF4B-00C04F79EFBC}") = "три игры-три программмы", "три игры-три программмы\три игры-три программмы.csproj", "{90289698-17B1-45BE-B10D-260079178020}"
EndProject
Global
	GlobalSection(SolutionConfigurationPlatforms) = preSolution
		Debug|Any CPU = Debug|Any CPU
		Release|Any CPU = Release|Any CPU
	EndGlobalSection
	GlobalSection(ProjectConfigurationPlatforms) = postSolution
		{90289698-17B1-45BE-B10D-260079178020}.Debug|Any CPU.ActiveCfg = Debug|Any CPU
		{90289698-17B1-45BE-B10D-260079178020}.Debug|Any CPU.Build.0 = Debug|Any CPU
		{90289698-17B1-45BE-B10D-260079178020}.Release|Any CPU.ActiveCfg = Release|Any CPU
		{90289698-17B1-45BE-B10D-260079178020}.Release|Any CPU.Build.0 = Release|Any CPU
	EndGlobalSection
	GlobalSection(SolutionProperties) = preSolution
		HideSolutionNode = FALSE
	EndGlobalSection
	GlobalSection(ExtensibilityGlobals) = postSolution
		SolutionGuid = {B40674B7-689B-4E4E-B579-4F9CE5AE80C5}
	EndGlobalSection
EndGlobal
